
Microsoft Visual Studio Solution File, Format Version 12.00
# Visual Studio Version 17
VisualStudioVersion = 17.5.33414.496
MinimumVisualStudioVersion = 10.0.40219.1
Project("{FAE04EC0-301F-11D3-BF4B-00C04F79EFBC}") = "razor-crud", "razor-crud\razor-crud.csproj", "{FFD4F831-AAAD-494F-B1AB-FACD32485C8D}"
EndProject
Global
	GlobalSection(SolutionConfigurationPlatforms) = preSolution
		Debug|Any CPU = Debug|Any CPU
		Release|Any CPU = Release|Any CPU
	EndGlobalSection
	GlobalSection(ProjectConfigurationPlatforms) = postSolution
		{FFD4F831-AAAD-494F-B1AB-FACD32485C8D}.Debug|Any CPU.ActiveCfg = Debug|Any CPU
		{FFD4F831-AAAD-494F-B1AB-FACD32485C8D}.Debug|Any CPU.Build.0 = Debug|Any CPU
		{FFD4F831-AAAD-494F-B1AB-FACD32485C8D}.Release|Any CPU.ActiveCfg = Release|Any CPU
		{FFD4F831-AAAD-494F-B1AB-FACD32485C8D}.Release|Any CPU.Build.0 = Release|Any CPU
	EndGlobalSection
	GlobalSection(SolutionProperties) = preSolution
		HideSolutionNode = FALSE
	EndGlobalSection
	GlobalSection(ExtensibilityGlobals) = postSolution
		SolutionGuid = {74BC171D-3C26-4E93-9968-8A94B1226BF2}
	EndGlobalSection
EndGlobal
